// !$*UTF8*$!
{
	archiveVersion = 1;
	classes = {
	};
	objectVersion = 56;
	objects = {

/* Begin PBXBuildFile section */
		5D49F3162AC6E26300B9997F /* AppDelegate.swift in Sources */ = {isa = PBXBuildFile; fileRef = 5D49F3152AC6E26300B9997F /* AppDelegate.swift */; };
		5D49F31A2AC6E26400B9997F /* Assets.xcassets in Resources */ = {isa = PBXBuildFile; fileRef = 5D49F3192AC6E26400B9997F /* Assets.xcassets */; };
		5D49F31D2AC6E26400B9997F /* Preview Assets.xcassets in Resources */ = {isa = PBXBuildFile; fileRef = 5D49F31C2AC6E26400B9997F /* Preview Assets.xcassets */; };
		5D49F3292AC6E35400B9997F /* toy_car.usdz in Resources */ = {isa = PBXBuildFile; fileRef = 5D49F3252AC6E35400B9997F /* toy_car.usdz */; };
		5D49F32A2AC6E35400B9997F /* fender_stratocaster.usdz in Resources */ = {isa = PBXBuildFile; fileRef = 5D49F3262AC6E35400B9997F /* fender_stratocaster.usdz */; };
		5D49F32B2AC6E35400B9997F /* tv_retro.usdz in Resources */ = {isa = PBXBuildFile; fileRef = 5D49F3272AC6E35400B9997F /* tv_retro.usdz */; };
		5D49F32C2AC6E35400B9997F /* toy_biplane_idle.usdz in Resources */ = {isa = PBXBuildFile; fileRef = 5D49F3282AC6E35400B9997F /* toy_biplane_idle.usdz */; };
		5D49F3302AC6E55F00B9997F /* FocusEntity in Frameworks */ = {isa = PBXBuildFile; productRef = 5D49F32F2AC6E55F00B9997F /* FocusEntity */; };
		5D49F33F2AC7232000B9997F /* PointsManager.swift in Sources */ = {isa = PBXBuildFile; fileRef = 5D49F33E2AC7232000B9997F /* PointsManager.swift */; };
		5D49F3422AC723D700B9997F /* CLLocationCoordinate2D.swift in Sources */ = {isa = PBXBuildFile; fileRef = 5D49F3412AC723D700B9997F /* CLLocationCoordinate2D.swift */; };
		5D49F3442AC7240700B9997F /* MKCoordinateRegion.swift in Sources */ = {isa = PBXBuildFile; fileRef = 5D49F3432AC7240700B9997F /* MKCoordinateRegion.swift */; };
		5D49F3492AC724BC00B9997F /* HomeView.swift in Sources */ = {isa = PBXBuildFile; fileRef = 5D49F3482AC724BC00B9997F /* HomeView.swift */; };
		5D49F34C2AC724D500B9997F /* Steps.swift in Sources */ = {isa = PBXBuildFile; fileRef = 5D49F34B2AC724D500B9997F /* Steps.swift */; };
		5D49F34F2AC7293D00B9997F /* HealthManager.swift in Sources */ = {isa = PBXBuildFile; fileRef = 5D49F34E2AC7293D00B9997F /* HealthManager.swift */; };
		5D49F3532AC7421900B9997F /* MapboxCoreNavigation in Frameworks */ = {isa = PBXBuildFile; productRef = 5D49F3522AC7421900B9997F /* MapboxCoreNavigation */; };
		5D49F3552AC7421900B9997F /* MapboxNavigation in Frameworks */ = {isa = PBXBuildFile; productRef = 5D49F3542AC7421900B9997F /* MapboxNavigation */; };
		5D49F3582AC7436200B9997F /* MapboxMaps in Frameworks */ = {isa = PBXBuildFile; productRef = 5D49F3572AC7436200B9997F /* MapboxMaps */; };
		5D49F3602AC743FD00B9997F /* ARCameraView.swift in Sources */ = {isa = PBXBuildFile; fileRef = 5D49F35F2AC743FD00B9997F /* ARCameraView.swift */; };
		5D49F3632AC7446C00B9997F /* Model.swift in Sources */ = {isa = PBXBuildFile; fileRef = 5D49F3622AC7446C00B9997F /* Model.swift */; };
/* End PBXBuildFile section */

/* Begin PBXFileReference section */
		5D49F3122AC6E26300B9997F /* WalkAR.app */ = {isa = PBXFileReference; explicitFileType = wrapper.application; includeInIndex = 0; path = WalkAR.app; sourceTree = BUILT_PRODUCTS_DIR; };
		5D49F3152AC6E26300B9997F /* AppDelegate.swift */ = {isa = PBXFileReference; lastKnownFileType = sourcecode.swift; path = AppDelegate.swift; sourceTree = "<group>"; };
		5D49F3192AC6E26400B9997F /* Assets.xcassets */ = {isa = PBXFileReference; lastKnownFileType = folder.assetcatalog; path = Assets.xcassets; sourceTree = "<group>"; };
		5D49F31C2AC6E26400B9997F /* Preview Assets.xcassets */ = {isa = PBXFileReference; lastKnownFileType = folder.assetcatalog; path = "Preview Assets.xcassets"; sourceTree = "<group>"; };
		5D49F3252AC6E35400B9997F /* toy_car.usdz */ = {isa = PBXFileReference; lastKnownFileType = file.usdz; path = toy_car.usdz; sourceTree = "<group>"; };
		5D49F3262AC6E35400B9997F /* fender_stratocaster.usdz */ = {isa = PBXFileReference; lastKnownFileType = file.usdz; path = fender_stratocaster.usdz; sourceTree = "<group>"; };
		5D49F3272AC6E35400B9997F /* tv_retro.usdz */ = {isa = PBXFileReference; lastKnownFileType = file.usdz; path = tv_retro.usdz; sourceTree = "<group>"; };
		5D49F3282AC6E35400B9997F /* toy_biplane_idle.usdz */ = {isa = PBXFileReference; lastKnownFileType = file.usdz; path = toy_biplane_idle.usdz; sourceTree = "<group>"; };
		5D49F33E2AC7232000B9997F /* PointsManager.swift */ = {isa = PBXFileReference; lastKnownFileType = sourcecode.swift; path = PointsManager.swift; sourceTree = "<group>"; };
		5D49F3412AC723D700B9997F /* CLLocationCoordinate2D.swift */ = {isa = PBXFileReference; lastKnownFileType = sourcecode.swift; path = CLLocationCoordinate2D.swift; sourceTree = "<group>"; };
		5D49F3432AC7240700B9997F /* MKCoordinateRegion.swift */ = {isa = PBXFileReference; lastKnownFileType = sourcecode.swift; path = MKCoordinateRegion.swift; sourceTree = "<group>"; };
		5D49F3482AC724BC00B9997F /* HomeView.swift */ = {isa = PBXFileReference; lastKnownFileType = sourcecode.swift; path = HomeView.swift; sourceTree = "<group>"; };
		5D49F34B2AC724D500B9997F /* Steps.swift */ = {isa = PBXFileReference; lastKnownFileType = sourcecode.swift; path = Steps.swift; sourceTree = "<group>"; };
		5D49F34E2AC7293D00B9997F /* HealthManager.swift */ = {isa = PBXFileReference; lastKnownFileType = sourcecode.swift; path = HealthManager.swift; sourceTree = "<group>"; };
		5D49F3502AC72C8500B9997F /* Info.plist */ = {isa = PBXFileReference; lastKnownFileType = text.plist; path = Info.plist; sourceTree = "<group>"; };
		5D49F35F2AC743FD00B9997F /* ARCameraView.swift */ = {isa = PBXFileReference; lastKnownFileType = sourcecode.swift; path = ARCameraView.swift; sourceTree = "<group>"; };
		5D49F3622AC7446C00B9997F /* Model.swift */ = {isa = PBXFileReference; lastKnownFileType = sourcecode.swift; path = Model.swift; sourceTree = "<group>"; };
/* End PBXFileReference section */

/* Begin PBXFrameworksBuildPhase section */
		5D49F30F2AC6E26300B9997F /* Frameworks */ = {
			isa = PBXFrameworksBuildPhase;
			buildActionMask = 2147483647;
			files = (
				5D49F3532AC7421900B9997F /* MapboxCoreNavigation in Frameworks */,
				5D49F3552AC7421900B9997F /* MapboxNavigation in Frameworks */,
				5D49F3582AC7436200B9997F /* MapboxMaps in Frameworks */,
				5D49F3302AC6E55F00B9997F /* FocusEntity in Frameworks */,
			);
			runOnlyForDeploymentPostprocessing = 0;
		};
/* End PBXFrameworksBuildPhase section */

/* Begin PBXGroup section */
		5D49F3092AC6E26300B9997F = {
			isa = PBXGroup;
			children = (
				5D49F3142AC6E26300B9997F /* WalkAR */,
				5D49F3132AC6E26300B9997F /* Products */,
			);
			sourceTree = "<group>";
		};
		5D49F3132AC6E26300B9997F /* Products */ = {
			isa = PBXGroup;
			children = (
				5D49F3122AC6E26300B9997F /* WalkAR.app */,
			);
			name = Products;
			sourceTree = "<group>";
		};
		5D49F3142AC6E26300B9997F /* WalkAR */ = {
			isa = PBXGroup;
			children = (
				5D49F3502AC72C8500B9997F /* Info.plist */,
				5D49F3192AC6E26400B9997F /* Assets.xcassets */,
				5D49F3152AC6E26300B9997F /* AppDelegate.swift */,
				5D49F3402AC7233800B9997F /* Extensions */,
				5D49F3312AC6E5CC00B9997F /* Core */,
				5D49F3232AC6E33B00B9997F /* Resources */,
				5D49F31B2AC6E26400B9997F /* Preview Content */,
			);
			path = WalkAR;
			sourceTree = "<group>";
		};
		5D49F31B2AC6E26400B9997F /* Preview Content */ = {
			isa = PBXGroup;
			children = (
				5D49F31C2AC6E26400B9997F /* Preview Assets.xcassets */,
			);
			path = "Preview Content";
			sourceTree = "<group>";
		};
		5D49F3232AC6E33B00B9997F /* Resources */ = {
			isa = PBXGroup;
			children = (
				5D49F3242AC6E34300B9997F /* Models */,
			);
			path = Resources;
			sourceTree = "<group>";
		};
		5D49F3242AC6E34300B9997F /* Models */ = {
			isa = PBXGroup;
			children = (
				5D49F3262AC6E35400B9997F /* fender_stratocaster.usdz */,
				5D49F3282AC6E35400B9997F /* toy_biplane_idle.usdz */,
				5D49F3252AC6E35400B9997F /* toy_car.usdz */,
				5D49F3272AC6E35400B9997F /* tv_retro.usdz */,
			);
			path = Models;
			sourceTree = "<group>";
		};
		5D49F3312AC6E5CC00B9997F /* Core */ = {
			isa = PBXGroup;
			children = (
				5D49F3452AC7249400B9997F /* View */,
				5D49F33D2AC7231700B9997F /* PointsManager */,
			);
			path = Core;
			sourceTree = "<group>";
		};
		5D49F33D2AC7231700B9997F /* PointsManager */ = {
			isa = PBXGroup;
			children = (
				5D49F33E2AC7232000B9997F /* PointsManager.swift */,
			);
			path = PointsManager;
			sourceTree = "<group>";
		};
		5D49F3402AC7233800B9997F /* Extensions */ = {
			isa = PBXGroup;
			children = (
				5D49F3412AC723D700B9997F /* CLLocationCoordinate2D.swift */,
				5D49F3432AC7240700B9997F /* MKCoordinateRegion.swift */,
			);
			path = Extensions;
			sourceTree = "<group>";
		};
		5D49F3452AC7249400B9997F /* View */ = {
			isa = PBXGroup;
			children = (
				5D49F3462AC7249F00B9997F /* Home */,
			);
			path = View;
			sourceTree = "<group>";
		};
		5D49F3462AC7249F00B9997F /* Home */ = {
			isa = PBXGroup;
			children = (
				5D49F34A2AC724CA00B9997F /* Steps */,
				5D49F3472AC724B500B9997F /* View */,
			);
			path = Home;
			sourceTree = "<group>";
		};
		5D49F3472AC724B500B9997F /* View */ = {
			isa = PBXGroup;
			children = (
				5D49F35B2AC743D100B9997F /* AR */,
				5D49F3592AC743A000B9997F /* Home */,
			);
			path = View;
			sourceTree = "<group>";
		};
		5D49F34A2AC724CA00B9997F /* Steps */ = {
			isa = PBXGroup;
			children = (
				5D49F34D2AC7292500B9997F /* HealthManager */,
				5D49F34B2AC724D500B9997F /* Steps.swift */,
			);
			path = Steps;
			sourceTree = "<group>";
		};
		5D49F34D2AC7292500B9997F /* HealthManager */ = {
			isa = PBXGroup;
			children = (
				5D49F34E2AC7293D00B9997F /* HealthManager.swift */,
			);
			path = HealthManager;
			sourceTree = "<group>";
		};
		5D49F3592AC743A000B9997F /* Home */ = {
			isa = PBXGroup;
			children = (
				5D49F35A2AC743A800B9997F /* View */,
			);
			path = Home;
			sourceTree = "<group>";
		};
		5D49F35A2AC743A800B9997F /* View */ = {
			isa = PBXGroup;
			children = (
				5D49F3482AC724BC00B9997F /* HomeView.swift */,
			);
			path = View;
			sourceTree = "<group>";
		};
		5D49F35B2AC743D100B9997F /* AR */ = {
			isa = PBXGroup;
			children = (
				5D49F35E2AC743E500B9997F /* View */,
				5D49F35D2AC743E000B9997F /* ViewModel */,
				5D49F35C2AC743DC00B9997F /* Model */,
			);
			path = AR;
			sourceTree = "<group>";
		};
		5D49F35C2AC743DC00B9997F /* Model */ = {
			isa = PBXGroup;
			children = (
				5D49F3622AC7446C00B9997F /* Model.swift */,
			);
			path = Model;
			sourceTree = "<group>";
		};
		5D49F35D2AC743E000B9997F /* ViewModel */ = {
			isa = PBXGroup;
			children = (
			);
			path = ViewModel;
			sourceTree = "<group>";
		};
		5D49F35E2AC743E500B9997F /* View */ = {
			isa = PBXGroup;
			children = (
				5D49F35F2AC743FD00B9997F /* ARCameraView.swift */,
			);
			path = View;
			sourceTree = "<group>";
		};
/* End PBXGroup section */

/* Begin PBXNativeTarget section */
		5D49F3112AC6E26300B9997F /* WalkAR */ = {
			isa = PBXNativeTarget;
			buildConfigurationList = 5D49F3202AC6E26400B9997F /* Build configuration list for PBXNativeTarget "WalkAR" */;
			buildPhases = (
				5D49F30E2AC6E26300B9997F /* Sources */,
				5D49F30F2AC6E26300B9997F /* Frameworks */,
				5D49F3102AC6E26300B9997F /* Resources */,
			);
			buildRules = (
			);
			dependencies = (
			);
			name = WalkAR;
			packageProductDependencies = (
				5D49F32F2AC6E55F00B9997F /* FocusEntity */,
				5D49F3522AC7421900B9997F /* MapboxCoreNavigation */,
				5D49F3542AC7421900B9997F /* MapboxNavigation */,
				5D49F3572AC7436200B9997F /* MapboxMaps */,
			);
			productName = WalkAR;
			productReference = 5D49F3122AC6E26300B9997F /* WalkAR.app */;
			productType = "com.apple.product-type.application";
		};
/* End PBXNativeTarget section */

/* Begin PBXProject section */
		5D49F30A2AC6E26300B9997F /* Project object */ = {
			isa = PBXProject;
			attributes = {
				BuildIndependentTargetsInParallel = 1;
				LastSwiftUpdateCheck = 1500;
				LastUpgradeCheck = 1500;
				TargetAttributes = {
					5D49F3112AC6E26300B9997F = {
						CreatedOnToolsVersion = 15.0;
					};
				};
			};
			buildConfigurationList = 5D49F30D2AC6E26300B9997F /* Build configuration list for PBXProject "WalkAR" */;
			compatibilityVersion = "Xcode 14.0";
			developmentRegion = en;
			hasScannedForEncodings = 0;
			knownRegions = (
				en,
				Base,
			);
			mainGroup = 5D49F3092AC6E26300B9997F;
			packageReferences = (
				5D49F32E2AC6E55F00B9997F /* XCRemoteSwiftPackageReference "FocusEntity" */,
				5D49F3512AC7421900B9997F /* XCRemoteSwiftPackageReference "mapbox-navigation-ios" */,
				5D49F3562AC7436200B9997F /* XCRemoteSwiftPackageReference "mapbox-maps-ios" */,
			);
			productRefGroup = 5D49F3132AC6E26300B9997F /* Products */;
			projectDirPath = "";
			projectRoot = "";
			targets = (
				5D49F3112AC6E26300B9997F /* WalkAR */,
			);
		};
/* End PBXProject section */

/* Begin PBXResourcesBuildPhase section */
		5D49F3102AC6E26300B9997F /* Resources */ = {
			isa = PBXResourcesBuildPhase;
			buildActionMask = 2147483647;
			files = (
				5D49F31D2AC6E26400B9997F /* Preview Assets.xcassets in Resources */,
				5D49F31A2AC6E26400B9997F /* Assets.xcassets in Resources */,
				5D49F32A2AC6E35400B9997F /* fender_stratocaster.usdz in Resources */,
				5D49F32B2AC6E35400B9997F /* tv_retro.usdz in Resources */,
				5D49F32C2AC6E35400B9997F /* toy_biplane_idle.usdz in Resources */,
				5D49F3292AC6E35400B9997F /* toy_car.usdz in Resources */,
			);
			runOnlyForDeploymentPostprocessing = 0;
		};
/* End PBXResourcesBuildPhase section */

/* Begin PBXSourcesBuildPhase section */
		5D49F30E2AC6E26300B9997F /* Sources */ = {
			isa = PBXSourcesBuildPhase;
			buildActionMask = 2147483647;
			files = (
				5D49F3632AC7446C00B9997F /* Model.swift in Sources */,
				5D49F33F2AC7232000B9997F /* PointsManager.swift in Sources */,
				5D49F3162AC6E26300B9997F /* AppDelegate.swift in Sources */,
				5D49F3422AC723D700B9997F /* CLLocationCoordinate2D.swift in Sources */,
				5D49F34C2AC724D500B9997F /* Steps.swift in Sources */,
				5D49F3602AC743FD00B9997F /* ARCameraView.swift in Sources */,
				5D49F3492AC724BC00B9997F /* HomeView.swift in Sources */,
				5D49F3442AC7240700B9997F /* MKCoordinateRegion.swift in Sources */,
				5D49F34F2AC7293D00B9997F /* HealthManager.swift in Sources */,
			);
			runOnlyForDeploymentPostprocessing = 0;
		};
/* End PBXSourcesBuildPhase section */

/* Begin XCBuildConfiguration section */
		5D49F31E2AC6E26400B9997F /* Debug */ = {
			isa = XCBuildConfiguration;
			buildSettings = {
				ALWAYS_SEARCH_USER_PATHS = NO;
				ASSETCATALOG_COMPILER_GENERATE_SWIFT_ASSET_SYMBOL_EXTENSIONS = YES;
				CLANG_ANALYZER_NONNULL = YES;
				CLANG_ANALYZER_NUMBER_OBJECT_CONVERSION = YES_AGGRESSIVE;
				CLANG_CXX_LANGUAGE_STANDARD = "gnu++20";
				CLANG_ENABLE_MODULES = YES;
				CLANG_ENABLE_OBJC_ARC = YES;
				CLANG_ENABLE_OBJC_WEAK = YES;
				CLANG_WARN_BLOCK_CAPTURE_AUTORELEASING = YES;
				CLANG_WARN_BOOL_CONVERSION = YES;
				CLANG_WARN_COMMA = YES;
				CLANG_WARN_CONSTANT_CONVERSION = YES;
				CLANG_WARN_DEPRECATED_OBJC_IMPLEMENTATIONS = YES;
				CLANG_WARN_DIRECT_OBJC_ISA_USAGE = YES_ERROR;
				CLANG_WARN_DOCUMENTATION_COMMENTS = YES;
				CLANG_WARN_EMPTY_BODY = YES;
				CLANG_WARN_ENUM_CONVERSION = YES;
				CLANG_WARN_INFINITE_RECURSION = YES;
				CLANG_WARN_INT_CONVERSION = YES;
				CLANG_WARN_NON_LITERAL_NULL_CONVERSION = YES;
				CLANG_WARN_OBJC_IMPLICIT_RETAIN_SELF = YES;
				CLANG_WARN_OBJC_LITERAL_CONVERSION = YES;
				CLANG_WARN_OBJC_ROOT_CLASS = YES_ERROR;
				CLANG_WARN_QUOTED_INCLUDE_IN_FRAMEWORK_HEADER = YES;
				CLANG_WARN_RANGE_LOOP_ANALYSIS = YES;
				CLANG_WARN_STRICT_PROTOTYPES = YES;
				CLANG_WARN_SUSPICIOUS_MOVE = YES;
				CLANG_WARN_UNGUARDED_AVAILABILITY = YES_AGGRESSIVE;
				CLANG_WARN_UNREACHABLE_CODE = YES;
				CLANG_WARN__DUPLICATE_METHOD_MATCH = YES;
				COPY_PHASE_STRIP = NO;
				DEBUG_INFORMATION_FORMAT = dwarf;
				ENABLE_STRICT_OBJC_MSGSEND = YES;
				ENABLE_TESTABILITY = YES;
				ENABLE_USER_SCRIPT_SANDBOXING = YES;
				GCC_C_LANGUAGE_STANDARD = gnu17;
				GCC_DYNAMIC_NO_PIC = NO;
				GCC_NO_COMMON_BLOCKS = YES;
				GCC_OPTIMIZATION_LEVEL = 0;
				GCC_PREPROCESSOR_DEFINITIONS = (
					"DEBUG=1",
					"$(inherited)",
				);
				GCC_WARN_64_TO_32_BIT_CONVERSION = YES;
				GCC_WARN_ABOUT_RETURN_TYPE = YES_ERROR;
				GCC_WARN_UNDECLARED_SELECTOR = YES;
				GCC_WARN_UNINITIALIZED_AUTOS = YES_AGGRESSIVE;
				GCC_WARN_UNUSED_FUNCTION = YES;
				GCC_WARN_UNUSED_VARIABLE = YES;
				IPHONEOS_DEPLOYMENT_TARGET = 17.0;
				LOCALIZATION_PREFERS_STRING_CATALOGS = YES;
				MTL_ENABLE_DEBUG_INFO = INCLUDE_SOURCE;
				MTL_FAST_MATH = YES;
				ONLY_ACTIVE_ARCH = YES;
				SDKROOT = iphoneos;
				SWIFT_ACTIVE_COMPILATION_CONDITIONS = "DEBUG $(inherited)";
				SWIFT_OPTIMIZATION_LEVEL = "-Onone";
			};
			name = Debug;
		};
		5D49F31F2AC6E26400B9997F /* Release */ = {
			isa = XCBuildConfiguration;
			buildSettings = {
				ALWAYS_SEARCH_USER_PATHS = NO;
				ASSETCATALOG_COMPILER_GENERATE_SWIFT_ASSET_SYMBOL_EXTENSIONS = YES;
				CLANG_ANALYZER_NONNULL = YES;
				CLANG_ANALYZER_NUMBER_OBJECT_CONVERSION = YES_AGGRESSIVE;
				CLANG_CXX_LANGUAGE_STANDARD = "gnu++20";
				CLANG_ENABLE_MODULES = YES;
				CLANG_ENABLE_OBJC_ARC = YES;
				CLANG_ENABLE_OBJC_WEAK = YES;
				CLANG_WARN_BLOCK_CAPTURE_AUTORELEASING = YES;
				CLANG_WARN_BOOL_CONVERSION = YES;
				CLANG_WARN_COMMA = YES;
				CLANG_WARN_CONSTANT_CONVERSION = YES;
				CLANG_WARN_DEPRECATED_OBJC_IMPLEMENTATIONS = YES;
				CLANG_WARN_DIRECT_OBJC_ISA_USAGE = YES_ERROR;
				CLANG_WARN_DOCUMENTATION_COMMENTS = YES;
				CLANG_WARN_EMPTY_BODY = YES;
				CLANG_WARN_ENUM_CONVERSION = YES;
				CLANG_WARN_INFINITE_RECURSION = YES;
				CLANG_WARN_INT_CONVERSION = YES;
				CLANG_WARN_NON_LITERAL_NULL_CONVERSION = YES;
				CLANG_WARN_OBJC_IMPLICIT_RETAIN_SELF = YES;
				CLANG_WARN_OBJC_LITERAL_CONVERSION = YES;
				CLANG_WARN_OBJC_ROOT_CLASS = YES_ERROR;
				CLANG_WARN_QUOTED_INCLUDE_IN_FRAMEWORK_HEADER = YES;
				CLANG_WARN_RANGE_LOOP_ANALYSIS = YES;
				CLANG_WARN_STRICT_PROTOTYPES = YES;
				CLANG_WARN_SUSPICIOUS_MOVE = YES;
				CLANG_WARN_UNGUARDED_AVAILABILITY = YES_AGGRESSIVE;
				CLANG_WARN_UNREACHABLE_CODE = YES;
				CLANG_WARN__DUPLICATE_METHOD_MATCH = YES;
				COPY_PHASE_STRIP = NO;
				DEBUG_INFORMATION_FORMAT = "dwarf-with-dsym";
				ENABLE_NS_ASSERTIONS = NO;
				ENABLE_STRICT_OBJC_MSGSEND = YES;
				ENABLE_USER_SCRIPT_SANDBOXING = YES;
				GCC_C_LANGUAGE_STANDARD = gnu17;
				GCC_NO_COMMON_BLOCKS = YES;
				GCC_WARN_64_TO_32_BIT_CONVERSION = YES;
				GCC_WARN_ABOUT_RETURN_TYPE = YES_ERROR;
				GCC_WARN_UNDECLARED_SELECTOR = YES;
				GCC_WARN_UNINITIALIZED_AUTOS = YES_AGGRESSIVE;
				GCC_WARN_UNUSED_FUNCTION = YES;
				GCC_WARN_UNUSED_VARIABLE = YES;
				IPHONEOS_DEPLOYMENT_TARGET = 17.0;
				LOCALIZATION_PREFERS_STRING_CATALOGS = YES;
				MTL_ENABLE_DEBUG_INFO = NO;
				MTL_FAST_MATH = YES;
				SDKROOT = iphoneos;
				SWIFT_COMPILATION_MODE = wholemodule;
				VALIDATE_PRODUCT = YES;
			};
			name = Release;
		};
		5D49F3212AC6E26400B9997F /* Debug */ = {
			isa = XCBuildConfiguration;
			buildSettings = {
				ASSETCATALOG_COMPILER_APPICON_NAME = AppIcon;
				ASSETCATALOG_COMPILER_GLOBAL_ACCENT_COLOR_NAME = AccentColor;
				CODE_SIGN_STYLE = Automatic;
				CURRENT_PROJECT_VERSION = 1;
				DEVELOPMENT_ASSET_PATHS = "\"WalkAR/Preview Content\"";
				DEVELOPMENT_TEAM = G4XLFMNW66;
				ENABLE_PREVIEWS = YES;
				GENERATE_INFOPLIST_FILE = YES;
				INFOPLIST_FILE = WalkAR/Info.plist;
				INFOPLIST_KEY_NSCameraUsageDescription = "Allow app to access your health data";
				INFOPLIST_KEY_NSHealthShareUsageDescription = "";
				INFOPLIST_KEY_NSLocationWhenInUseUsageDescription = "Allow app to use your location";
				INFOPLIST_KEY_UIApplicationSupportsIndirectInputEvents = YES;
				INFOPLIST_KEY_UILaunchScreen_Generation = YES;
				INFOPLIST_KEY_UIRequiredDeviceCapabilities = arkit;
				INFOPLIST_KEY_UIStatusBarHidden = YES;
				INFOPLIST_KEY_UISupportedInterfaceOrientations_iPad = "UIInterfaceOrientationPortrait UIInterfaceOrientationPortraitUpsideDown UIInterfaceOrientationLandscapeLeft UIInterfaceOrientationLandscapeRight";
				INFOPLIST_KEY_UISupportedInterfaceOrientations_iPhone = "UIInterfaceOrientationPortrait UIInterfaceOrientationLandscapeLeft UIInterfaceOrientationLandscapeRight";
				LD_RUNPATH_SEARCH_PATHS = (
					"$(inherited)",
					"@executable_path/Frameworks",
				);
				MARKETING_VERSION = 1.0;
				PRODUCT_BUNDLE_IDENTIFIER = com.PrashannaR.WalkAR;
				PRODUCT_NAME = "$(TARGET_NAME)";
				SWIFT_EMIT_LOC_STRINGS = YES;
				SWIFT_VERSION = 5.0;
				TARGETED_DEVICE_FAMILY = "1,2";
			};
			name = Debug;
		};
		5D49F3222AC6E26400B9997F /* Release */ = {
			isa = XCBuildConfiguration;
			buildSettings = {
				ASSETCATALOG_COMPILER_APPICON_NAME = AppIcon;
				ASSETCATALOG_COMPILER_GLOBAL_ACCENT_COLOR_NAME = AccentColor;
				CODE_SIGN_STYLE = Automatic;
				CURRENT_PROJECT_VERSION = 1;
				DEVELOPMENT_ASSET_PATHS = "\"WalkAR/Preview Content\"";
				DEVELOPMENT_TEAM = G4XLFMNW66;
				ENABLE_PREVIEWS = YES;
				GENERATE_INFOPLIST_FILE = YES;
				INFOPLIST_FILE = WalkAR/Info.plist;
				INFOPLIST_KEY_NSCameraUsageDescription = "Allow app to access your health data";
				INFOPLIST_KEY_NSHealthShareUsageDescription = "";
				INFOPLIST_KEY_NSLocationWhenInUseUsageDescription = "Allow app to use your location";
				INFOPLIST_KEY_UIApplicationSupportsIndirectInputEvents = YES;
				INFOPLIST_KEY_UILaunchScreen_Generation = YES;
				INFOPLIST_KEY_UIRequiredDeviceCapabilities = arkit;
				INFOPLIST_KEY_UIStatusBarHidden = YES;
				INFOPLIST_KEY_UISupportedInterfaceOrientations_iPad = "UIInterfaceOrientationPortrait UIInterfaceOrientationPortraitUpsideDown UIInterfaceOrientationLandscapeLeft UIInterfaceOrientationLandscapeRight";
				INFOPLIST_KEY_UISupportedInterfaceOrientations_iPhone = "UIInterfaceOrientationPortrait UIInterfaceOrientationLandscapeLeft UIInterfaceOrientationLandscapeRight";
				LD_RUNPATH_SEARCH_PATHS = (
					"$(inherited)",
					"@executable_path/Frameworks",
				);
				MARKETING_VERSION = 1.0;
				PRODUCT_BUNDLE_IDENTIFIER = com.PrashannaR.WalkAR;
				PRODUCT_NAME = "$(TARGET_NAME)";
				SWIFT_EMIT_LOC_STRINGS = YES;
				SWIFT_VERSION = 5.0;
				TARGETED_DEVICE_FAMILY = "1,2";
			};
			name = Release;
		};
/* End XCBuildConfiguration section */

/* Begin XCConfigurationList section */
		5D49F30D2AC6E26300B9997F /* Build configuration list for PBXProject "WalkAR" */ = {
			isa = XCConfigurationList;
			buildConfigurations = (
				5D49F31E2AC6E26400B9997F /* Debug */,
				5D49F31F2AC6E26400B9997F /* Release */,
			);
			defaultConfigurationIsVisible = 0;
			defaultConfigurationName = Release;
		};
		5D49F3202AC6E26400B9997F /* Build configuration list for PBXNativeTarget "WalkAR" */ = {
			isa = XCConfigurationList;
			buildConfigurations = (
				5D49F3212AC6E26400B9997F /* Debug */,
				5D49F3222AC6E26400B9997F /* Release */,
			);
			defaultConfigurationIsVisible = 0;
			defaultConfigurationName = Release;
		};
/* End XCConfigurationList section */

/* Begin XCRemoteSwiftPackageReference section */
		5D49F32E2AC6E55F00B9997F /* XCRemoteSwiftPackageReference "FocusEntity" */ = {
			isa = XCRemoteSwiftPackageReference;
			repositoryURL = "https://github.com/maxxfrazer/FocusEntity";
			requirement = {
				kind = upToNextMajorVersion;
				minimumVersion = 2.5.0;
			};
		};
		5D49F3512AC7421900B9997F /* XCRemoteSwiftPackageReference "mapbox-navigation-ios" */ = {
			isa = XCRemoteSwiftPackageReference;
			repositoryURL = "https://github.com/mapbox/mapbox-navigation-ios.git";
			requirement = {
				kind = upToNextMajorVersion;
				minimumVersion = 2.14.0;
			};
		};
		5D49F3562AC7436200B9997F /* XCRemoteSwiftPackageReference "mapbox-maps-ios" */ = {
			isa = XCRemoteSwiftPackageReference;
			repositoryURL = "https://github.com/mapbox/mapbox-maps-ios.git";
			requirement = {
				kind = upToNextMajorVersion;
				minimumVersion = 10.0.0;
			};
		};
/* End XCRemoteSwiftPackageReference section */

/* Begin XCSwiftPackageProductDependency section */
		5D49F32F2AC6E55F00B9997F /* FocusEntity */ = {
			isa = XCSwiftPackageProductDependency;
			package = 5D49F32E2AC6E55F00B9997F /* XCRemoteSwiftPackageReference "FocusEntity" */;
			productName = FocusEntity;
		};
		5D49F3522AC7421900B9997F /* MapboxCoreNavigation */ = {
			isa = XCSwiftPackageProductDependency;
			package = 5D49F3512AC7421900B9997F /* XCRemoteSwiftPackageReference "mapbox-navigation-ios" */;
			productName = MapboxCoreNavigation;
		};
		5D49F3542AC7421900B9997F /* MapboxNavigation */ = {
			isa = XCSwiftPackageProductDependency;
			package = 5D49F3512AC7421900B9997F /* XCRemoteSwiftPackageReference "mapbox-navigation-ios" */;
			productName = MapboxNavigation;
		};
		5D49F3572AC7436200B9997F /* MapboxMaps */ = {
			isa = XCSwiftPackageProductDependency;
			package = 5D49F3562AC7436200B9997F /* XCRemoteSwiftPackageReference "mapbox-maps-ios" */;
			productName = MapboxMaps;
		};
/* End XCSwiftPackageProductDependency section */
	};
	rootObject = 5D49F30A2AC6E26300B9997F /* Project object */;
}
